Microsoft Visual Studio Solution File, Format Version 12.00
# Visual Studio Version 17
VisualStudioVersion = 17.5.2.0
MinimumVisualStudioVersion = 10.0.40219.1
Project("{FAE04EC0-301F-11D3-BF4B-00C04F79EFBC}") = "Variable.Console", "Variable.Console\Variable.Console.csproj", "{A805FD2B-722D-D4C3-A881-AA3CE0E0B908}"
EndProject
Global
	GlobalSection(SolutionConfigurationPlatforms) = preSolution
		Debug|Any CPU = Debug|Any CPU
		Release|Any CPU = Release|Any CPU
	EndGlobalSection
	GlobalSection(ProjectConfigurationPlatforms) = postSolution
		{A805FD2B-722D-D4C3-A881-AA3CE0E0B908}.Debug|Any CPU.ActiveCfg = Debug|Any CPU
		{A805FD2B-722D-D4C3-A881-AA3CE0E0B908}.Debug|Any CPU.Build.0 = Debug|Any CPU
		{A805FD2B-722D-D4C3-A881-AA3CE0E0B908}.Release|Any CPU.ActiveCfg = Release|Any CPU
		{A805FD2B-722D-D4C3-A881-AA3CE0E0B908}.Release|Any CPU.Build.0 = Release|Any CPU
	EndGlobalSection
	GlobalSection(SolutionProperties) = preSolution
		HideSolutionNode = FALSE
	EndGlobalSection
	GlobalSection(ExtensibilityGlobals) = postSolution
		SolutionGuid = {36854645-1A27-421E-AB18-06435D552CAD}
	EndGlobalSection
EndGlobal
